
Microsoft Visual Studio Solution File, Format Version 12.00
# Visual Studio Version 17
VisualStudioVersion = 17.3.32929.385
MinimumVisualStudioVersion = 10.0.40219.1
Project("{8BC9CEB8-8B4A-11D0-8D11-00A0C91BC942}") = "Vasie_External", "Vasie_External\Vasie External.vcxproj", "{ABA70CD8-A714-42C6-8882-0D87D42A11B5}"
EndProject
Project("{8BC9CEB8-8B4A-11D0-8D11-00A0C91BC942}") = "Vasie_Driver", "Vasie_Driver\drv.vcxproj", "{2BC9C890-EE95-4219-AC58-872DDB9D7F5E}"
EndProject
Project("{8BC9CEB8-8B4A-11D0-8D11-00A0C91BC942}") = "Vasie_Server", "Vasie_Server\Vasie_Server.vcxproj", "{9B289D7B-0884-4D5C-A00A-64C371490507}"
EndProject
Project("{8BC9CEB8-8B4A-11D0-8D11-00A0C91BC942}") = "Vasie_Panel", "Vasie_Panel\Vasie_Panel.vcxproj", "{CF32D7C5-5A35-45E8-8DF3-5B33544C0F49}"
EndProject
Global
	GlobalSection(SolutionConfigurationPlatforms) = preSolution
		Debug|ARM = Debug|ARM
		Debug|ARM64 = Debug|ARM64
		Debug|x64 = Debug|x64
		Debug|x86 = Debug|x86
		Release|ARM = Release|ARM
		Release|ARM64 = Release|ARM64
		Release|x64 = Release|x64
		Release|x86 = Release|x86
	EndGlobalSection
	GlobalSection(ProjectConfigurationPlatforms) = postSolution
		{ABA70CD8-A714-42C6-8882-0D87D42A11B5}.Debug|ARM.ActiveCfg = Debug|x64
		{ABA70CD8-A714-42C6-8882-0D87D42A11B5}.Debug|ARM.Build.0 = Debug|x64
		{ABA70CD8-A714-42C6-8882-0D87D42A11B5}.Debug|ARM64.ActiveCfg = Debug|x64
		{ABA70CD8-A714-42C6-8882-0D87D42A11B5}.Debug|ARM64.Build.0 = Debug|x64
		{ABA70CD8-A714-42C6-8882-0D87D42A11B5}.Debug|x64.ActiveCfg = Debug|x64
		{ABA70CD8-A714-42C6-8882-0D87D42A11B5}.Debug|x64.Build.0 = Debug|x64
		{ABA70CD8-A714-42C6-8882-0D87D42A11B5}.Debug|x86.ActiveCfg = Debug|Win32
		{ABA70CD8-A714-42C6-8882-0D87D42A11B5}.Debug|x86.Build.0 = Debug|Win32
		{ABA70CD8-A714-42C6-8882-0D87D42A11B5}.Release|ARM.ActiveCfg = Release|x64
		{ABA70CD8-A714-42C6-8882-0D87D42A11B5}.Release|ARM.Build.0 = Release|x64
		{ABA70CD8-A714-42C6-8882-0D87D42A11B5}.Release|ARM64.ActiveCfg = Release|x64
		{ABA70CD8-A714-42C6-8882-0D87D42A11B5}.Release|ARM64.Build.0 = Release|x64
		{ABA70CD8-A714-42C6-8882-0D87D42A11B5}.Release|x64.ActiveCfg = Release|x64
		{ABA70CD8-A714-42C6-8882-0D87D42A11B5}.Release|x64.Build.0 = Release|x64
		{ABA70CD8-A714-42C6-8882-0D87D42A11B5}.Release|x86.ActiveCfg = Release|Win32
		{ABA70CD8-A714-42C6-8882-0D87D42A11B5}.Release|x86.Build.0 = Release|Win32
		{2BC9C890-EE95-4219-AC58-872DDB9D7F5E}.Debug|ARM.ActiveCfg = Debug|ARM
		{2BC9C890-EE95-4219-AC58-872DDB9D7F5E}.Debug|ARM.Build.0 = Debug|ARM
		{2BC9C890-EE95-4219-AC58-872DDB9D7F5E}.Debug|ARM.Deploy.0 = Debug|ARM
		{2BC9C890-EE95-4219-AC58-872DDB9D7F5E}.Debug|ARM64.ActiveCfg = Debug|ARM64
		{2BC9C890-EE95-4219-AC58-872DDB9D7F5E}.Debug|ARM64.Build.0 = Debug|ARM64
		{2BC9C890-EE95-4219-AC58-872DDB9D7F5E}.Debug|ARM64.Deploy.0 = Debug|ARM64
		{2BC9C890-EE95-4219-AC58-872DDB9D7F5E}.Debug|x64.ActiveCfg = Debug|x64
		{2BC9C890-EE95-4219-AC58-872DDB9D7F5E}.Debug|x64.Build.0 = Debug|x64
		{2BC9C890-EE95-4219-AC58-872DDB9D7F5E}.Debug|x64.Deploy.0 = Debug|x64
		{2BC9C890-EE95-4219-AC58-872DDB9D7F5E}.Debug|x86.ActiveCfg = Debug|Win32
		{2BC9C890-EE95-4219-AC58-872DDB9D7F5E}.Debug|x86.Build.0 = Debug|Win32
		{2BC9C890-EE95-4219-AC58-872DDB9D7F5E}.Debug|x86.Deploy.0 = Debug|Win32
		{2BC9C890-EE95-4219-AC58-872DDB9D7F5E}.Release|ARM.ActiveCfg = Release|ARM
		{2BC9C890-EE95-4219-AC58-872DDB9D7F5E}.Release|ARM.Build.0 = Release|ARM
		{2BC9C890-EE95-4219-AC58-872DDB9D7F5E}.Release|ARM.Deploy.0 = Release|ARM
		{2BC9C890-EE95-4219-AC58-872DDB9D7F5E}.Release|ARM64.ActiveCfg = Release|ARM64
		{2BC9C890-EE95-4219-AC58-872DDB9D7F5E}.Release|ARM64.Build.0 = Release|ARM64
		{2BC9C890-EE95-4219-AC58-872DDB9D7F5E}.Release|ARM64.Deploy.0 = Release|ARM64
		{2BC9C890-EE95-4219-AC58-872DDB9D7F5E}.Release|x64.ActiveCfg = Release|x64
		{2BC9C890-EE95-4219-AC58-872DDB9D7F5E}.Release|x64.Build.0 = Release|x64
		{2BC9C890-EE95-4219-AC58-872DDB9D7F5E}.Release|x64.Deploy.0 = Release|x64
		{2BC9C890-EE95-4219-AC58-872DDB9D7F5E}.Release|x86.ActiveCfg = Release|Win32
		{2BC9C890-EE95-4219-AC58-872DDB9D7F5E}.Release|x86.Build.0 = Release|Win32
		{2BC9C890-EE95-4219-AC58-872DDB9D7F5E}.Release|x86.Deploy.0 = Release|Win32
		{9B289D7B-0884-4D5C-A00A-64C371490507}.Debug|ARM.ActiveCfg = Debug|x64
		{9B289D7B-0884-4D5C-A00A-64C371490507}.Debug|ARM.Build.0 = Debug|x64
		{9B289D7B-0884-4D5C-A00A-64C371490507}.Debug|ARM64.ActiveCfg = Debug|x64
		{9B289D7B-0884-4D5C-A00A-64C371490507}.Debug|ARM64.Build.0 = Debug|x64
		{9B289D7B-0884-4D5C-A00A-64C371490507}.Debug|x64.ActiveCfg = Debug|x64
		{9B289D7B-0884-4D5C-A00A-64C371490507}.Debug|x64.Build.0 = Debug|x64
		{9B289D7B-0884-4D5C-A00A-64C371490507}.Debug|x86.ActiveCfg = Debug|Win32
		{9B289D7B-0884-4D5C-A00A-64C371490507}.Debug|x86.Build.0 = Debug|Win32
		{9B289D7B-0884-4D5C-A00A-64C371490507}.Release|ARM.ActiveCfg = Release|x64
		{9B289D7B-0884-4D5C-A00A-64C371490507}.Release|ARM.Build.0 = Release|x64
		{9B289D7B-0884-4D5C-A00A-64C371490507}.Release|ARM64.ActiveCfg = Release|x64
		{9B289D7B-0884-4D5C-A00A-64C371490507}.Release|ARM64.Build.0 = Release|x64
		{9B289D7B-0884-4D5C-A00A-64C371490507}.Release|x64.ActiveCfg = Release|x64
		{9B289D7B-0884-4D5C-A00A-64C371490507}.Release|x64.Build.0 = Release|x64
		{9B289D7B-0884-4D5C-A00A-64C371490507}.Release|x86.ActiveCfg = Release|Win32
		{9B289D7B-0884-4D5C-A00A-64C371490507}.Release|x86.Build.0 = Release|Win32
		{CF32D7C5-5A35-45E8-8DF3-5B33544C0F49}.Debug|ARM.ActiveCfg = Debug|x64
		{CF32D7C5-5A35-45E8-8DF3-5B33544C0F49}.Debug|ARM.Build.0 = Debug|x64
		{CF32D7C5-5A35-45E8-8DF3-5B33544C0F49}.Debug|ARM64.ActiveCfg = Debug|x64
		{CF32D7C5-5A35-45E8-8DF3-5B33544C0F49}.Debug|ARM64.Build.0 = Debug|x64
		{CF32D7C5-5A35-45E8-8DF3-5B33544C0F49}.Debug|x64.ActiveCfg = Debug|x64
		{CF32D7C5-5A35-45E8-8DF3-5B33544C0F49}.Debug|x64.Build.0 = Debug|x64
		{CF32D7C5-5A35-45E8-8DF3-5B33544C0F49}.Debug|x86.ActiveCfg = Debug|Win32
		{CF32D7C5-5A35-45E8-8DF3-5B33544C0F49}.Debug|x86.Build.0 = Debug|Win32
		{CF32D7C5-5A35-45E8-8DF3-5B33544C0F49}.Release|ARM.ActiveCfg = Release|x64
		{CF32D7C5-5A35-45E8-8DF3-5B33544C0F49}.Release|ARM.Build.0 = Release|x64
		{CF32D7C5-5A35-45E8-8DF3-5B33544C0F49}.Release|ARM64.ActiveCfg = Release|x64
		{CF32D7C5-5A35-45E8-8DF3-5B33544C0F49}.Release|ARM64.Build.0 = Release|x64
		{CF32D7C5-5A35-45E8-8DF3-5B33544C0F49}.Release|x64.ActiveCfg = Release|x64
		{CF32D7C5-5A35-45E8-8DF3-5B33544C0F49}.Release|x64.Build.0 = Release|x64
		{CF32D7C5-5A35-45E8-8DF3-5B33544C0F49}.Release|x86.ActiveCfg = Release|Win32
		{CF32D7C5-5A35-45E8-8DF3-5B33544C0F49}.Release|x86.Build.0 = Release|Win32
	EndGlobalSection
	GlobalSection(SolutionProperties) = preSolution
		HideSolutionNode = FALSE
	EndGlobalSection
	GlobalSection(ExtensibilityGlobals) = postSolution
		SolutionGuid = {9119DA0E-8BAA-410D-83F9-268139C2B95B}
	EndGlobalSection
EndGlobal
